
Microsoft Visual Studio Solution File, Format Version 12.00
Project("{FAE04EC0-301F-11D3-BF4B-00C04F79EFBC}") = "PersonalFinanceTracker.Domain", "PersonalFinanceTracker.Domain\PersonalFinanceTracker.Domain.csproj", "{49646E57-B7E8-43B9-8034-C4EB1EC53B30}"
EndProject
Project("{FAE04EC0-301F-11D3-BF4B-00C04F79EFBC}") = "PersonalFinanceTracker.Application", "PersonalFinanceTracker.Application\PersonalFinanceTracker.Application.csproj", "{01F28C11-9A64-45B4-868F-D88EC9055FDA}"
EndProject
Project("{FAE04EC0-301F-11D3-BF4B-00C04F79EFBC}") = "PersonalFinanceTracker.Infrastructure", "PersonalFinanceTracker.Infrastructure\PersonalFinanceTracker.Infrastructure.csproj", "{D7428B70-433B-4D55-9827-0C51070B5FFA}"
EndProject
Project("{FAE04EC0-301F-11D3-BF4B-00C04F79EFBC}") = "PersonalFinanceTracker.API", "PersonalFinanceTracker.API\PersonalFinanceTracker.API.csproj", "{4DBFBDA0-A91D-495E-BFD3-61ECF829060B}"
EndProject
Global
	GlobalSection(SolutionConfigurationPlatforms) = preSolution
		Debug|Any CPU = Debug|Any CPU
		Release|Any CPU = Release|Any CPU
	EndGlobalSection
	GlobalSection(ProjectConfigurationPlatforms) = postSolution
		{49646E57-B7E8-43B9-8034-C4EB1EC53B30}.Debug|Any CPU.ActiveCfg = Debug|Any CPU
		{49646E57-B7E8-43B9-8034-C4EB1EC53B30}.Debug|Any CPU.Build.0 = Debug|Any CPU
		{49646E57-B7E8-43B9-8034-C4EB1EC53B30}.Release|Any CPU.ActiveCfg = Release|Any CPU
		{49646E57-B7E8-43B9-8034-C4EB1EC53B30}.Release|Any CPU.Build.0 = Release|Any CPU
		{01F28C11-9A64-45B4-868F-D88EC9055FDA}.Debug|Any CPU.ActiveCfg = Debug|Any CPU
		{01F28C11-9A64-45B4-868F-D88EC9055FDA}.Debug|Any CPU.Build.0 = Debug|Any CPU
		{01F28C11-9A64-45B4-868F-D88EC9055FDA}.Release|Any CPU.ActiveCfg = Release|Any CPU
		{01F28C11-9A64-45B4-868F-D88EC9055FDA}.Release|Any CPU.Build.0 = Release|Any CPU
		{D7428B70-433B-4D55-9827-0C51070B5FFA}.Debug|Any CPU.ActiveCfg = Debug|Any CPU
		{D7428B70-433B-4D55-9827-0C51070B5FFA}.Debug|Any CPU.Build.0 = Debug|Any CPU
		{D7428B70-433B-4D55-9827-0C51070B5FFA}.Release|Any CPU.ActiveCfg = Release|Any CPU
		{D7428B70-433B-4D55-9827-0C51070B5FFA}.Release|Any CPU.Build.0 = Release|Any CPU
		{4DBFBDA0-A91D-495E-BFD3-61ECF829060B}.Debug|Any CPU.ActiveCfg = Debug|Any CPU
		{4DBFBDA0-A91D-495E-BFD3-61ECF829060B}.Debug|Any CPU.Build.0 = Debug|Any CPU
		{4DBFBDA0-A91D-495E-BFD3-61ECF829060B}.Release|Any CPU.ActiveCfg = Release|Any CPU
		{4DBFBDA0-A91D-495E-BFD3-61ECF829060B}.Release|Any CPU.Build.0 = Release|Any CPU
	EndGlobalSection
EndGlobal
